
Microsoft Visual Studio Solution File, Format Version 12.00
# Visual Studio Version 16
VisualStudioVersion = 16.0.30907.101
MinimumVisualStudioVersion = 10.0.40219.1
Project("{FAE04EC0-301F-11D3-BF4B-00C04F79EFBC}") = "MarsRoverAydin", "MarsRoverAydin\MarsRoverAydin.csproj", "{F32567C8-9A41-400C-B9C5-8E5E6BDC0001}"
EndProject
Global
	GlobalSection(SolutionConfigurationPlatforms) = preSolution
		Debug|Any CPU = Debug|Any CPU
		Release|Any CPU = Release|Any CPU
	EndGlobalSection
	GlobalSection(ProjectConfigurationPlatforms) = postSolution
		{F32567C8-9A41-400C-B9C5-8E5E6BDC0001}.Debug|Any CPU.ActiveCfg = Debug|Any CPU
		{F32567C8-9A41-400C-B9C5-8E5E6BDC0001}.Debug|Any CPU.Build.0 = Debug|Any CPU
		{F32567C8-9A41-400C-B9C5-8E5E6BDC0001}.Release|Any CPU.ActiveCfg = Release|Any CPU
		{F32567C8-9A41-400C-B9C5-8E5E6BDC0001}.Release|Any CPU.Build.0 = Release|Any CPU
	EndGlobalSection
	GlobalSection(SolutionProperties) = preSolution
		HideSolutionNode = FALSE
	EndGlobalSection
	GlobalSection(ExtensibilityGlobals) = postSolution
		SolutionGuid = {5072D9E6-7E9F-4A3E-9163-BFA586CAAACA}
	EndGlobalSection
EndGlobal
